
Microsoft Visual Studio Solution File, Format Version 12.00
# Visual Studio 15
VisualStudioVersion = 15.0.27130.2026
MinimumVisualStudioVersion = 10.0.40219.1
Project("{9A19103F-16F7-4668-BE54-9A1E7A4F7556}") = "01.ReveseNumbersWithStack", "01.ReveseNumbersWithStack\01.ReveseNumbersWithStack.csproj", "{A4B3C25E-C2CB-4B05-A3EA-F1210795971A}"
EndProject
Project("{9A19103F-16F7-4668-BE54-9A1E7A4F7556}") = "02.BasicStackOperations", "02.BasicStackOperations\02.BasicStackOperations.csproj", "{8DFAC296-5763-4017-B60E-8FDCFB10D4C8}"
EndProject
Project("{9A19103F-16F7-4668-BE54-9A1E7A4F7556}") = "03.MaximumElement", "03.MaximumElement\03.MaximumElement.csproj", "{2D633E4D-8BFB-46E4-8ED4-AA6634113863}"
EndProject
Project("{9A19103F-16F7-4668-BE54-9A1E7A4F7556}") = "04.BasicQueueOpeartions", "04.BasicQueueOpeartions\04.BasicQueueOpeartions.csproj", "{750D3E9C-6EAD-4EDC-92A7-909B51C52139}"
EndProject
Project("{9A19103F-16F7-4668-BE54-9A1E7A4F7556}") = "05.CalculateSequenceWithQueue", "05.CalculateSequenceWithQueue\05.CalculateSequenceWithQueue.csproj", "{343B07AF-62C3-4429-9D3F-7DB79CBFD806}"
EndProject
Project("{9A19103F-16F7-4668-BE54-9A1E7A4F7556}") = "06.TruckTour", "06.TruckTour\06.TruckTour.csproj", "{0CBBFB53-6CD9-4F13-A08F-6AA30A13A4C4}"
EndProject
Project("{9A19103F-16F7-4668-BE54-9A1E7A4F7556}") = "07.BalancedParatheses", "07.BalancedParatheses\07.BalancedParatheses.csproj", "{98CB3126-2015-4ECA-AE0A-D6FA29F9D9D8}"
EndProject
Project("{9A19103F-16F7-4668-BE54-9A1E7A4F7556}") = "08.RecursiveFibonacci", "08.RecursiveFibonacci\08.RecursiveFibonacci.csproj", "{9E5A40EF-495E-4E82-8035-33F259093C39}"
EndProject
Project("{9A19103F-16F7-4668-BE54-9A1E7A4F7556}") = "09.StackFibonacci", "09.StackFibonacci\09.StackFibonacci.csproj", "{6FEF8EA0-78D9-424B-A043-FB2CC8564F6D}"
EndProject
Project("{9A19103F-16F7-4668-BE54-9A1E7A4F7556}") = "10.SimpleTextEditor", "10.SimpleTextEditor\10.SimpleTextEditor.csproj", "{04AF5150-1701-4C9E-9BDF-81204BC75E96}"
EndProject
Project("{FAE04EC0-301F-11D3-BF4B-00C04F79EFBC}") = "11.PoisonousPlants", "11.PoisonousPlants\11.PoisonousPlants.csproj", "{FE9215C4-E54F-4F8A-B3D7-160E96AE895C}"
EndProject
Global
	GlobalSection(SolutionConfigurationPlatforms) = preSolution
		Debug|Any CPU = Debug|Any CPU
		Release|Any CPU = Release|Any CPU
	EndGlobalSection
	GlobalSection(ProjectConfigurationPlatforms) = postSolution
		{A4B3C25E-C2CB-4B05-A3EA-F1210795971A}.Debug|Any CPU.ActiveCfg = Debug|Any CPU
		{A4B3C25E-C2CB-4B05-A3EA-F1210795971A}.Debug|Any CPU.Build.0 = Debug|Any CPU
		{A4B3C25E-C2CB-4B05-A3EA-F1210795971A}.Release|Any CPU.ActiveCfg = Release|Any CPU
		{A4B3C25E-C2CB-4B05-A3EA-F1210795971A}.Release|Any CPU.Build.0 = Release|Any CPU
		{8DFAC296-5763-4017-B60E-8FDCFB10D4C8}.Debug|Any CPU.ActiveCfg = Debug|Any CPU
		{8DFAC296-5763-4017-B60E-8FDCFB10D4C8}.Debug|Any CPU.Build.0 = Debug|Any CPU
		{8DFAC296-5763-4017-B60E-8FDCFB10D4C8}.Release|Any CPU.ActiveCfg = Release|Any CPU
		{8DFAC296-5763-4017-B60E-8FDCFB10D4C8}.Release|Any CPU.Build.0 = Release|Any CPU
		{2D633E4D-8BFB-46E4-8ED4-AA6634113863}.Debug|Any CPU.ActiveCfg = Debug|Any CPU
		{2D633E4D-8BFB-46E4-8ED4-AA6634113863}.Debug|Any CPU.Build.0 = Debug|Any CPU
		{2D633E4D-8BFB-46E4-8ED4-AA6634113863}.Release|Any CPU.ActiveCfg = Release|Any CPU
		{2D633E4D-8BFB-46E4-8ED4-AA6634113863}.Release|Any CPU.Build.0 = Release|Any CPU
		{750D3E9C-6EAD-4EDC-92A7-909B51C52139}.Debug|Any CPU.ActiveCfg = Debug|Any CPU
		{750D3E9C-6EAD-4EDC-92A7-909B51C52139}.Debug|Any CPU.Build.0 = Debug|Any CPU
		{750D3E9C-6EAD-4EDC-92A7-909B51C52139}.Release|Any CPU.ActiveCfg = Release|Any CPU
		{750D3E9C-6EAD-4EDC-92A7-909B51C52139}.Release|Any CPU.Build.0 = Release|Any CPU
		{343B07AF-62C3-4429-9D3F-7DB79CBFD806}.Debug|Any CPU.ActiveCfg = Debug|Any CPU
		{343B07AF-62C3-4429-9D3F-7DB79CBFD806}.Debug|Any CPU.Build.0 = Debug|Any CPU
		{343B07AF-62C3-4429-9D3F-7DB79CBFD806}.Release|Any CPU.ActiveCfg = Release|Any CPU
		{343B07AF-62C3-4429-9D3F-7DB79CBFD806}.Release|Any CPU.Build.0 = Release|Any CPU
		{0CBBFB53-6CD9-4F13-A08F-6AA30A13A4C4}.Debug|Any CPU.ActiveCfg = Debug|Any CPU
		{0CBBFB53-6CD9-4F13-A08F-6AA30A13A4C4}.Debug|Any CPU.Build.0 = Debug|Any CPU
		{0CBBFB53-6CD9-4F13-A08F-6AA30A13A4C4}.Release|Any CPU.ActiveCfg = Release|Any CPU
		{0CBBFB53-6CD9-4F13-A08F-6AA30A13A4C4}.Release|Any CPU.Build.0 = Release|Any CPU
		{98CB3126-2015-4ECA-AE0A-D6FA29F9D9D8}.Debug|Any CPU.ActiveCfg = Debug|Any CPU
		{98CB3126-2015-4ECA-AE0A-D6FA29F9D9D8}.Debug|Any CPU.Build.0 = Debug|Any CPU
		{98CB3126-2015-4ECA-AE0A-D6FA29F9D9D8}.Release|Any CPU.ActiveCfg = Release|Any CPU
		{98CB3126-2015-4ECA-AE0A-D6FA29F9D9D8}.Release|Any CPU.Build.0 = Release|Any CPU
		{9E5A40EF-495E-4E82-8035-33F259093C39}.Debug|Any CPU.ActiveCfg = Debug|Any CPU
		{9E5A40EF-495E-4E82-8035-33F259093C39}.Debug|Any CPU.Build.0 = Debug|Any CPU
		{9E5A40EF-495E-4E82-8035-33F259093C39}.Release|Any CPU.ActiveCfg = Release|Any CPU
		{9E5A40EF-495E-4E82-8035-33F259093C39}.Release|Any CPU.Build.0 = Release|Any CPU
		{6FEF8EA0-78D9-424B-A043-FB2CC8564F6D}.Debug|Any CPU.ActiveCfg = Debug|Any CPU
		{6FEF8EA0-78D9-424B-A043-FB2CC8564F6D}.Debug|Any CPU.Build.0 = Debug|Any CPU
		{6FEF8EA0-78D9-424B-A043-FB2CC8564F6D}.Release|Any CPU.ActiveCfg = Release|Any CPU
		{6FEF8EA0-78D9-424B-A043-FB2CC8564F6D}.Release|Any CPU.Build.0 = Release|Any CPU
		{04AF5150-1701-4C9E-9BDF-81204BC75E96}.Debug|Any CPU.ActiveCfg = Debug|Any CPU
		{04AF5150-1701-4C9E-9BDF-81204BC75E96}.Debug|Any CPU.Build.0 = Debug|Any CPU
		{04AF5150-1701-4C9E-9BDF-81204BC75E96}.Release|Any CPU.ActiveCfg = Release|Any CPU
		{04AF5150-1701-4C9E-9BDF-81204BC75E96}.Release|Any CPU.Build.0 = Release|Any CPU
		{FE9215C4-E54F-4F8A-B3D7-160E96AE895C}.Debug|Any CPU.ActiveCfg = Debug|Any CPU
		{FE9215C4-E54F-4F8A-B3D7-160E96AE895C}.Debug|Any CPU.Build.0 = Debug|Any CPU
		{FE9215C4-E54F-4F8A-B3D7-160E96AE895C}.Release|Any CPU.ActiveCfg = Release|Any CPU
		{FE9215C4-E54F-4F8A-B3D7-160E96AE895C}.Release|Any CPU.Build.0 = Release|Any CPU
	EndGlobalSection
	GlobalSection(SolutionProperties) = preSolution
		HideSolutionNode = FALSE
	EndGlobalSection
	GlobalSection(ExtensibilityGlobals) = postSolution
		SolutionGuid = {D1918CFE-82EF-4218-9CD2-E3EFF3FBF751}
	EndGlobalSection
EndGlobal
