
Microsoft Visual Studio Solution File, Format Version 12.00
# Visual Studio 15
VisualStudioVersion = 15.0.27130.2027
MinimumVisualStudioVersion = 10.0.40219.1
Project("{FAE04EC0-301F-11D3-BF4B-00C04F79EFBC}") = "01.SortEvenNumbers", "01.SortEvenNumbers\01.SortEvenNumbers.csproj", "{DCEAC594-BB76-4B75-95AC-CBBE3074152E}"
EndProject
Project("{FAE04EC0-301F-11D3-BF4B-00C04F79EFBC}") = "02.SumNumbers", "02.SumNumbers\02.SumNumbers.csproj", "{C3739372-C14C-4678-B496-2716AE6B9FCC}"
EndProject
Project("{FAE04EC0-301F-11D3-BF4B-00C04F79EFBC}") = "03.CountUppercaseWords", "03.CountUppercaseWords\03.CountUppercaseWords.csproj", "{E86037D3-AED6-4F89-8B81-BBBE9FF424E4}"
EndProject
Project("{FAE04EC0-301F-11D3-BF4B-00C04F79EFBC}") = "04.AddVAT", "04.AddVAT\04.AddVAT.csproj", "{1F143A03-32DB-43D2-84FD-C84C9EA1D07B}"
EndProject
Global
	GlobalSection(SolutionConfigurationPlatforms) = preSolution
		Debug|Any CPU = Debug|Any CPU
		Release|Any CPU = Release|Any CPU
	EndGlobalSection
	GlobalSection(ProjectConfigurationPlatforms) = postSolution
		{DCEAC594-BB76-4B75-95AC-CBBE3074152E}.Debug|Any CPU.ActiveCfg = Debug|Any CPU
		{DCEAC594-BB76-4B75-95AC-CBBE3074152E}.Debug|Any CPU.Build.0 = Debug|Any CPU
		{DCEAC594-BB76-4B75-95AC-CBBE3074152E}.Release|Any CPU.ActiveCfg = Release|Any CPU
		{DCEAC594-BB76-4B75-95AC-CBBE3074152E}.Release|Any CPU.Build.0 = Release|Any CPU
		{C3739372-C14C-4678-B496-2716AE6B9FCC}.Debug|Any CPU.ActiveCfg = Debug|Any CPU
		{C3739372-C14C-4678-B496-2716AE6B9FCC}.Debug|Any CPU.Build.0 = Debug|Any CPU
		{C3739372-C14C-4678-B496-2716AE6B9FCC}.Release|Any CPU.ActiveCfg = Release|Any CPU
		{C3739372-C14C-4678-B496-2716AE6B9FCC}.Release|Any CPU.Build.0 = Release|Any CPU
		{E86037D3-AED6-4F89-8B81-BBBE9FF424E4}.Debug|Any CPU.ActiveCfg = Debug|Any CPU
		{E86037D3-AED6-4F89-8B81-BBBE9FF424E4}.Debug|Any CPU.Build.0 = Debug|Any CPU
		{E86037D3-AED6-4F89-8B81-BBBE9FF424E4}.Release|Any CPU.ActiveCfg = Release|Any CPU
		{E86037D3-AED6-4F89-8B81-BBBE9FF424E4}.Release|Any CPU.Build.0 = Release|Any CPU
		{1F143A03-32DB-43D2-84FD-C84C9EA1D07B}.Debug|Any CPU.ActiveCfg = Debug|Any CPU
		{1F143A03-32DB-43D2-84FD-C84C9EA1D07B}.Debug|Any CPU.Build.0 = Debug|Any CPU
		{1F143A03-32DB-43D2-84FD-C84C9EA1D07B}.Release|Any CPU.ActiveCfg = Release|Any CPU
		{1F143A03-32DB-43D2-84FD-C84C9EA1D07B}.Release|Any CPU.Build.0 = Release|Any CPU
	EndGlobalSection
	GlobalSection(SolutionProperties) = preSolution
		HideSolutionNode = FALSE
	EndGlobalSection
	GlobalSection(ExtensibilityGlobals) = postSolution
		SolutionGuid = {127E0790-1801-4C9D-AB1B-4AE81E9F367D}
	EndGlobalSection
EndGlobal
