
Microsoft Visual Studio Solution File, Format Version 12.00
# Visual Studio 15
VisualStudioVersion = 15.0.27130.2027
MinimumVisualStudioVersion = 10.0.40219.1
Project("{9A19103F-16F7-4668-BE54-9A1E7A4F7556}") = "01.MatrixOfPalindromes", "01.MatrixOfPalindromes\01.MatrixOfPalindromes.csproj", "{9BF4D0B7-63BB-4D69-8303-4354F5CE4F54}"
EndProject
Project("{9A19103F-16F7-4668-BE54-9A1E7A4F7556}") = "02.DiagonalDifference", "02.DiagonalDifference\02.DiagonalDifference.csproj", "{EDE37E9B-A606-468D-B1E0-DA0119F7C845}"
EndProject
Project("{9A19103F-16F7-4668-BE54-9A1E7A4F7556}") = "03.SquaresInMatrix", "03.SquaresInMatrix\03.SquaresInMatrix.csproj", "{24706591-DD52-4BA2-AF57-F2467AD17661}"
EndProject
Project("{9A19103F-16F7-4668-BE54-9A1E7A4F7556}") = "04.MaximumSum", "04.MaximumSum\04.MaximumSum.csproj", "{6CDB5CE0-25D0-4ED1-AD00-C25AF39BC0F3}"
EndProject
Project("{9A19103F-16F7-4668-BE54-9A1E7A4F7556}") = "05.RubiksMatrix", "05.RubiksMatrix\05.RubiksMatrix.csproj", "{80E6EA01-3013-4CFF-A449-4F230C90FA5A}"
EndProject
Project("{9A19103F-16F7-4668-BE54-9A1E7A4F7556}") = "06.TargetPractice", "06.TargetPractice\06.TargetPractice.csproj", "{C533B1C3-BBA2-4560-B053-83D6E229D7BA}"
EndProject
Project("{9A19103F-16F7-4668-BE54-9A1E7A4F7556}") = "07.LegoBlocks", "07.LegoBlocks\07.LegoBlocks.csproj", "{F8AAD54B-00A3-4779-95D4-94A5F9850182}"
EndProject
Project("{9A19103F-16F7-4668-BE54-9A1E7A4F7556}") = "08.RadioactiveMutantVampireBunnies", "08.RadioactiveMutantVampireBunnies\08.RadioactiveMutantVampireBunnies.csproj", "{477DFA08-4588-49C8-B683-F39BA51F757A}"
EndProject
Project("{9A19103F-16F7-4668-BE54-9A1E7A4F7556}") = "09.Crossfire", "09.Crossfire\09.Crossfire.csproj", "{B5692A33-0784-4932-A619-5B2300800A74}"
EndProject
Project("{FAE04EC0-301F-11D3-BF4B-00C04F79EFBC}") = "10.TheHeiganDance", "10.TheHeiganDance\10.TheHeiganDance.csproj", "{56606961-857B-4E06-94DB-2C8420DFD397}"
EndProject
Project("{FAE04EC0-301F-11D3-BF4B-00C04F79EFBC}") = "11.ParkingSystem", "11.ParkingSystem\11.ParkingSystem.csproj", "{0A84A9D2-70C7-409C-BB90-CF2FED3C1B28}"
EndProject
Project("{FAE04EC0-301F-11D3-BF4B-00C04F79EFBC}") = "12.StringMatrixRotation", "12.StringMatrixRotation\12.StringMatrixRotation.csproj", "{C0326814-7933-46A8-A5CA-CDB5AC3791CB}"
EndProject
Global
	GlobalSection(SolutionConfigurationPlatforms) = preSolution
		Debug|Any CPU = Debug|Any CPU
		Release|Any CPU = Release|Any CPU
	EndGlobalSection
	GlobalSection(ProjectConfigurationPlatforms) = postSolution
		{9BF4D0B7-63BB-4D69-8303-4354F5CE4F54}.Debug|Any CPU.ActiveCfg = Debug|Any CPU
		{9BF4D0B7-63BB-4D69-8303-4354F5CE4F54}.Debug|Any CPU.Build.0 = Debug|Any CPU
		{9BF4D0B7-63BB-4D69-8303-4354F5CE4F54}.Release|Any CPU.ActiveCfg = Release|Any CPU
		{9BF4D0B7-63BB-4D69-8303-4354F5CE4F54}.Release|Any CPU.Build.0 = Release|Any CPU
		{EDE37E9B-A606-468D-B1E0-DA0119F7C845}.Debug|Any CPU.ActiveCfg = Debug|Any CPU
		{EDE37E9B-A606-468D-B1E0-DA0119F7C845}.Debug|Any CPU.Build.0 = Debug|Any CPU
		{EDE37E9B-A606-468D-B1E0-DA0119F7C845}.Release|Any CPU.ActiveCfg = Release|Any CPU
		{EDE37E9B-A606-468D-B1E0-DA0119F7C845}.Release|Any CPU.Build.0 = Release|Any CPU
		{24706591-DD52-4BA2-AF57-F2467AD17661}.Debug|Any CPU.ActiveCfg = Debug|Any CPU
		{24706591-DD52-4BA2-AF57-F2467AD17661}.Debug|Any CPU.Build.0 = Debug|Any CPU
		{24706591-DD52-4BA2-AF57-F2467AD17661}.Release|Any CPU.ActiveCfg = Release|Any CPU
		{24706591-DD52-4BA2-AF57-F2467AD17661}.Release|Any CPU.Build.0 = Release|Any CPU
		{6CDB5CE0-25D0-4ED1-AD00-C25AF39BC0F3}.Debug|Any CPU.ActiveCfg = Debug|Any CPU
		{6CDB5CE0-25D0-4ED1-AD00-C25AF39BC0F3}.Debug|Any CPU.Build.0 = Debug|Any CPU
		{6CDB5CE0-25D0-4ED1-AD00-C25AF39BC0F3}.Release|Any CPU.ActiveCfg = Release|Any CPU
		{6CDB5CE0-25D0-4ED1-AD00-C25AF39BC0F3}.Release|Any CPU.Build.0 = Release|Any CPU
		{80E6EA01-3013-4CFF-A449-4F230C90FA5A}.Debug|Any CPU.ActiveCfg = Debug|Any CPU
		{80E6EA01-3013-4CFF-A449-4F230C90FA5A}.Debug|Any CPU.Build.0 = Debug|Any CPU
		{80E6EA01-3013-4CFF-A449-4F230C90FA5A}.Release|Any CPU.ActiveCfg = Release|Any CPU
		{80E6EA01-3013-4CFF-A449-4F230C90FA5A}.Release|Any CPU.Build.0 = Release|Any CPU
		{C533B1C3-BBA2-4560-B053-83D6E229D7BA}.Debug|Any CPU.ActiveCfg = Debug|Any CPU
		{C533B1C3-BBA2-4560-B053-83D6E229D7BA}.Debug|Any CPU.Build.0 = Debug|Any CPU
		{C533B1C3-BBA2-4560-B053-83D6E229D7BA}.Release|Any CPU.ActiveCfg = Release|Any CPU
		{C533B1C3-BBA2-4560-B053-83D6E229D7BA}.Release|Any CPU.Build.0 = Release|Any CPU
		{F8AAD54B-00A3-4779-95D4-94A5F9850182}.Debug|Any CPU.ActiveCfg = Debug|Any CPU
		{F8AAD54B-00A3-4779-95D4-94A5F9850182}.Debug|Any CPU.Build.0 = Debug|Any CPU
		{F8AAD54B-00A3-4779-95D4-94A5F9850182}.Release|Any CPU.ActiveCfg = Release|Any CPU
		{F8AAD54B-00A3-4779-95D4-94A5F9850182}.Release|Any CPU.Build.0 = Release|Any CPU
		{477DFA08-4588-49C8-B683-F39BA51F757A}.Debug|Any CPU.ActiveCfg = Debug|Any CPU
		{477DFA08-4588-49C8-B683-F39BA51F757A}.Debug|Any CPU.Build.0 = Debug|Any CPU
		{477DFA08-4588-49C8-B683-F39BA51F757A}.Release|Any CPU.ActiveCfg = Release|Any CPU
		{477DFA08-4588-49C8-B683-F39BA51F757A}.Release|Any CPU.Build.0 = Release|Any CPU
		{B5692A33-0784-4932-A619-5B2300800A74}.Debug|Any CPU.ActiveCfg = Debug|Any CPU
		{B5692A33-0784-4932-A619-5B2300800A74}.Debug|Any CPU.Build.0 = Debug|Any CPU
		{B5692A33-0784-4932-A619-5B2300800A74}.Release|Any CPU.ActiveCfg = Release|Any CPU
		{B5692A33-0784-4932-A619-5B2300800A74}.Release|Any CPU.Build.0 = Release|Any CPU
		{56606961-857B-4E06-94DB-2C8420DFD397}.Debug|Any CPU.ActiveCfg = Debug|Any CPU
		{56606961-857B-4E06-94DB-2C8420DFD397}.Debug|Any CPU.Build.0 = Debug|Any CPU
		{56606961-857B-4E06-94DB-2C8420DFD397}.Release|Any CPU.ActiveCfg = Release|Any CPU
		{56606961-857B-4E06-94DB-2C8420DFD397}.Release|Any CPU.Build.0 = Release|Any CPU
		{0A84A9D2-70C7-409C-BB90-CF2FED3C1B28}.Debug|Any CPU.ActiveCfg = Debug|Any CPU
		{0A84A9D2-70C7-409C-BB90-CF2FED3C1B28}.Debug|Any CPU.Build.0 = Debug|Any CPU
		{0A84A9D2-70C7-409C-BB90-CF2FED3C1B28}.Release|Any CPU.ActiveCfg = Release|Any CPU
		{0A84A9D2-70C7-409C-BB90-CF2FED3C1B28}.Release|Any CPU.Build.0 = Release|Any CPU
		{C0326814-7933-46A8-A5CA-CDB5AC3791CB}.Debug|Any CPU.ActiveCfg = Debug|Any CPU
		{C0326814-7933-46A8-A5CA-CDB5AC3791CB}.Debug|Any CPU.Build.0 = Debug|Any CPU
		{C0326814-7933-46A8-A5CA-CDB5AC3791CB}.Release|Any CPU.ActiveCfg = Release|Any CPU
		{C0326814-7933-46A8-A5CA-CDB5AC3791CB}.Release|Any CPU.Build.0 = Release|Any CPU
	EndGlobalSection
	GlobalSection(SolutionProperties) = preSolution
		HideSolutionNode = FALSE
	EndGlobalSection
	GlobalSection(ExtensibilityGlobals) = postSolution
		SolutionGuid = {470570AE-FCA7-41F8-882C-3C25A74F0641}
	EndGlobalSection
EndGlobal
